
Microsoft Visual Studio Solution File, Format Version 12.00
# Visual Studio Version 17
VisualStudioVersion = 17.8.34330.188
MinimumVisualStudioVersion = 10.0.40219.1
Project("{9A19103F-16F7-4668-BE54-9A1E7A4F7556}") = "Filter", "Filter\Filter.csproj", "{8910559F-33DB-4956-B895-0FD54352F1B8}"
EndProject
Project("{9A19103F-16F7-4668-BE54-9A1E7A4F7556}") = "Filter.Test", "Filter.Test\Filter.Test.csproj", "{4F484232-7815-4033-B0FD-6571718BF3C2}"
EndProject
Project("{2150E333-8FDC-42A3-9474-1A3956D46DE8}") = "Solution Items", "Solution Items", "{61D6B4B0-0D0A-4DEE-A02B-86B5CB9DF63A}"
	ProjectSection(SolutionItems) = preProject
		azure-pipelines.yml = azure-pipelines.yml
		CONTRIBUTING.txt = CONTRIBUTING.txt
		docfx.json = docfx.json
		GitVersion.yml = GitVersion.yml
		icon.png = icon.png
		LICENSE-AGPLV3.txt = LICENSE-AGPLV3.txt
		LICENSE-PROPRIETARY.txt = LICENSE-PROPRIETARY.txt
		LICENSE.txt = LICENSE.txt
		Filter.sln.licenseheader = Filter.sln.licenseheader
		PRIVACY.txt = PRIVACY.txt
		README.md = README.md
		TERMS.txt = TERMS.txt
	EndProjectSection
EndProject
Global
	GlobalSection(SolutionConfigurationPlatforms) = preSolution
		Debug|Any CPU = Debug|Any CPU
		Release|Any CPU = Release|Any CPU
	EndGlobalSection
	GlobalSection(ProjectConfigurationPlatforms) = postSolution
		{8910559F-33DB-4956-B895-0FD54352F1B8}.Debug|Any CPU.ActiveCfg = Debug|Any CPU
		{8910559F-33DB-4956-B895-0FD54352F1B8}.Debug|Any CPU.Build.0 = Debug|Any CPU
		{8910559F-33DB-4956-B895-0FD54352F1B8}.Release|Any CPU.ActiveCfg = Release|Any CPU
		{8910559F-33DB-4956-B895-0FD54352F1B8}.Release|Any CPU.Build.0 = Release|Any CPU
		{4F484232-7815-4033-B0FD-6571718BF3C2}.Debug|Any CPU.ActiveCfg = Debug|Any CPU
		{4F484232-7815-4033-B0FD-6571718BF3C2}.Debug|Any CPU.Build.0 = Debug|Any CPU
		{4F484232-7815-4033-B0FD-6571718BF3C2}.Release|Any CPU.ActiveCfg = Release|Any CPU
		{4F484232-7815-4033-B0FD-6571718BF3C2}.Release|Any CPU.Build.0 = Release|Any CPU
	EndGlobalSection
	GlobalSection(SolutionProperties) = preSolution
		HideSolutionNode = FALSE
	EndGlobalSection
	GlobalSection(ExtensibilityGlobals) = postSolution
		SolutionGuid = {6E0AD318-BFE0-4CA4-8509-03B9CF4DFD1B}
	EndGlobalSection
EndGlobal
